
Microsoft Visual Studio Solution File, Format Version 12.00
Project("{FAE04EC0-301F-11D3-BF4B-00C04F79EFBC}") = "Tracer.Core", "Tracer.Core\Tracer.Core.csproj", "{9E260CF2-4280-461E-AEC7-079A98CCF0E2}"
EndProject
Project("{FAE04EC0-301F-11D3-BF4B-00C04F79EFBC}") = "Tracer.Core.Tests", "Tracer.Core.Tests\Tracer.Core.Tests.csproj", "{EB345628-1B18-4D24-B930-94E49F1D7D10}"
EndProject
Project("{FAE04EC0-301F-11D3-BF4B-00C04F79EFBC}") = "Tracer.Example", "Tracer.Example\Tracer.Example.csproj", "{7C17CC8E-9D89-4DE8-A56E-18B1572A5BC5}"
EndProject
Project("{FAE04EC0-301F-11D3-BF4B-00C04F79EFBC}") = "Tracer.Serialization.Abstractions", "Tracer.Serialization.Abstractions\Tracer.Serialization.Abstractions.csproj", "{FD47B215-3F58-48DE-8A4D-A600BB993DEE}"
EndProject
Project("{FAE04EC0-301F-11D3-BF4B-00C04F79EFBC}") = "Tracer.Serialization", "Tracer.Serialization\Tracer.Serialization.csproj", "{58D092BE-6CBB-4E2D-9B03-46A153BFBEFE}"
EndProject
Global
	GlobalSection(SolutionConfigurationPlatforms) = preSolution
		Debug|Any CPU = Debug|Any CPU
		Release|Any CPU = Release|Any CPU
	EndGlobalSection
	GlobalSection(ProjectConfigurationPlatforms) = postSolution
		{9E260CF2-4280-461E-AEC7-079A98CCF0E2}.Debug|Any CPU.ActiveCfg = Debug|Any CPU
		{9E260CF2-4280-461E-AEC7-079A98CCF0E2}.Debug|Any CPU.Build.0 = Debug|Any CPU
		{9E260CF2-4280-461E-AEC7-079A98CCF0E2}.Release|Any CPU.ActiveCfg = Release|Any CPU
		{9E260CF2-4280-461E-AEC7-079A98CCF0E2}.Release|Any CPU.Build.0 = Release|Any CPU
		{EB345628-1B18-4D24-B930-94E49F1D7D10}.Debug|Any CPU.ActiveCfg = Debug|Any CPU
		{EB345628-1B18-4D24-B930-94E49F1D7D10}.Debug|Any CPU.Build.0 = Debug|Any CPU
		{EB345628-1B18-4D24-B930-94E49F1D7D10}.Release|Any CPU.ActiveCfg = Release|Any CPU
		{EB345628-1B18-4D24-B930-94E49F1D7D10}.Release|Any CPU.Build.0 = Release|Any CPU
		{7C17CC8E-9D89-4DE8-A56E-18B1572A5BC5}.Debug|Any CPU.ActiveCfg = Debug|Any CPU
		{7C17CC8E-9D89-4DE8-A56E-18B1572A5BC5}.Debug|Any CPU.Build.0 = Debug|Any CPU
		{7C17CC8E-9D89-4DE8-A56E-18B1572A5BC5}.Release|Any CPU.ActiveCfg = Release|Any CPU
		{7C17CC8E-9D89-4DE8-A56E-18B1572A5BC5}.Release|Any CPU.Build.0 = Release|Any CPU
		{FD47B215-3F58-48DE-8A4D-A600BB993DEE}.Debug|Any CPU.ActiveCfg = Debug|Any CPU
		{FD47B215-3F58-48DE-8A4D-A600BB993DEE}.Debug|Any CPU.Build.0 = Debug|Any CPU
		{FD47B215-3F58-48DE-8A4D-A600BB993DEE}.Release|Any CPU.ActiveCfg = Release|Any CPU
		{FD47B215-3F58-48DE-8A4D-A600BB993DEE}.Release|Any CPU.Build.0 = Release|Any CPU
		{58D092BE-6CBB-4E2D-9B03-46A153BFBEFE}.Debug|Any CPU.ActiveCfg = Debug|Any CPU
		{58D092BE-6CBB-4E2D-9B03-46A153BFBEFE}.Debug|Any CPU.Build.0 = Debug|Any CPU
		{58D092BE-6CBB-4E2D-9B03-46A153BFBEFE}.Release|Any CPU.ActiveCfg = Release|Any CPU
		{58D092BE-6CBB-4E2D-9B03-46A153BFBEFE}.Release|Any CPU.Build.0 = Release|Any CPU
	EndGlobalSection
EndGlobal
