
Microsoft Visual Studio Solution File, Format Version 12.00
# Visual Studio Version 17
VisualStudioVersion = 17.3.32819.101
MinimumVisualStudioVersion = 10.0.40219.1
Project("{8BC9CEB8-8B4A-11D0-8D11-00A0C91BC942}") = "Laba1", "Laba1\Laba1.vcxproj", "{F780A7CF-CFF3-4F5D-A841-74533BEEE125}"
EndProject
Global
	GlobalSection(SolutionConfigurationPlatforms) = preSolution
		Debug|x64 = Debug|x64
		Debug|x86 = Debug|x86
		Release|x64 = Release|x64
		Release|x86 = Release|x86
	EndGlobalSection
	GlobalSection(ProjectConfigurationPlatforms) = postSolution
		{F780A7CF-CFF3-4F5D-A841-74533BEEE125}.Debug|x64.ActiveCfg = Debug|x64
		{F780A7CF-CFF3-4F5D-A841-74533BEEE125}.Debug|x64.Build.0 = Debug|x64
		{F780A7CF-CFF3-4F5D-A841-74533BEEE125}.Debug|x86.ActiveCfg = Debug|Win32
		{F780A7CF-CFF3-4F5D-A841-74533BEEE125}.Debug|x86.Build.0 = Debug|Win32
		{F780A7CF-CFF3-4F5D-A841-74533BEEE125}.Release|x64.ActiveCfg = Release|x64
		{F780A7CF-CFF3-4F5D-A841-74533BEEE125}.Release|x64.Build.0 = Release|x64
		{F780A7CF-CFF3-4F5D-A841-74533BEEE125}.Release|x86.ActiveCfg = Release|Win32
		{F780A7CF-CFF3-4F5D-A841-74533BEEE125}.Release|x86.Build.0 = Release|Win32
	EndGlobalSection
	GlobalSection(SolutionProperties) = preSolution
		HideSolutionNode = FALSE
	EndGlobalSection
	GlobalSection(ExtensibilityGlobals) = postSolution
		SolutionGuid = {6E010A96-E28E-48B9-BAFC-7F5B6A377DCF}
	EndGlobalSection
EndGlobal
